// !$*UTF8*$!
{
	archiveVersion = 1;
	classes = {
	};
	objectVersion = 45;
	objects = {

/* Begin PBXBuildFile section */
		1D3623260D0F684500981E51 /* CVOCV_IOSAppDelegate.m in Sources */ = {isa = PBXBuildFile; fileRef = 1D3623250D0F684500981E51 /* CVOCV_IOSAppDelegate.m */; };
		1D60589B0D05DD56006BFB54 /* main.m in Sources */ = {isa = PBXBuildFile; fileRef = 29B97316FDCFA39411CA2CEA /* main.m */; };
		1D60589F0D05DD5A006BFB54 /* Foundation.framework in Frameworks */ = {isa = PBXBuildFile; fileRef = 1D30AB110D05D00D00671497 /* Foundation.framework */; };
		1DF5F4E00D08C38300B7A737 /* UIKit.framework in Frameworks */ = {isa = PBXBuildFile; fileRef = 1DF5F4DF0D08C38300B7A737 /* UIKit.framework */; };
		288765A50DF7441C002DB57D /* CoreGraphics.framework in Frameworks */ = {isa = PBXBuildFile; fileRef = 288765A40DF7441C002DB57D /* CoreGraphics.framework */; };
		2899E5220DE3E06400AC0155 /* CVOCV_IOSViewController.xib in Resources */ = {isa = PBXBuildFile; fileRef = 2899E5210DE3E06400AC0155 /* CVOCV_IOSViewController.xib */; };
		28AD733F0D9D9553002E5188 /* MainWindow.xib in Resources */ = {isa = PBXBuildFile; fileRef = 28AD733E0D9D9553002E5188 /* MainWindow.xib */; };
		28D7ACF80DDB3853001CB0EB /* CVOCV_IOSViewController.mm in Sources */ = {isa = PBXBuildFile; fileRef = 28D7ACF70DDB3853001CB0EB /* CVOCV_IOSViewController.mm */; };
		E7719B7B132F3EED00AAA23C /* VideoProcessor.cpp in Sources */ = {isa = PBXBuildFile; fileRef = E7719B7A132F3EED00AAA23C /* VideoProcessor.cpp */; };
		E7719C50132F4B7200AAA23C /* liblibjasper.a in Frameworks */ = {isa = PBXBuildFile; fileRef = E7719C3F132F4B7200AAA23C /* liblibjasper.a */; };
		E7719C51132F4B7200AAA23C /* liblibjpeg.a in Frameworks */ = {isa = PBXBuildFile; fileRef = E7719C40132F4B7200AAA23C /* liblibjpeg.a */; };
		E7719C52132F4B7200AAA23C /* liblibpng.a in Frameworks */ = {isa = PBXBuildFile; fileRef = E7719C41132F4B7200AAA23C /* liblibpng.a */; };
		E7719C53132F4B7200AAA23C /* liblibtiff.a in Frameworks */ = {isa = PBXBuildFile; fileRef = E7719C42132F4B7200AAA23C /* liblibtiff.a */; };
		E7719C54132F4B7200AAA23C /* libopencv_calib3d.a in Frameworks */ = {isa = PBXBuildFile; fileRef = E7719C43132F4B7200AAA23C /* libopencv_calib3d.a */; };
		E7719C55132F4B7200AAA23C /* libopencv_contrib.a in Frameworks */ = {isa = PBXBuildFile; fileRef = E7719C44132F4B7200AAA23C /* libopencv_contrib.a */; };
		E7719C56132F4B7200AAA23C /* libopencv_core.a in Frameworks */ = {isa = PBXBuildFile; fileRef = E7719C45132F4B7200AAA23C /* libopencv_core.a */; };
		E7719C57132F4B7200AAA23C /* libopencv_features2d.a in Frameworks */ = {isa = PBXBuildFile; fileRef = E7719C46132F4B7200AAA23C /* libopencv_features2d.a */; };
		E7719C58132F4B7200AAA23C /* libopencv_flann.a in Frameworks */ = {isa = PBXBuildFile; fileRef = E7719C47132F4B7200AAA23C /* libopencv_flann.a */; };
		E7719C59132F4B7200AAA23C /* libopencv_haartraining_engine.a in Frameworks */ = {isa = PBXBuildFile; fileRef = E7719C48132F4B7200AAA23C /* libopencv_haartraining_engine.a */; };
		E7719C5A132F4B7200AAA23C /* libopencv_imgproc.a in Frameworks */ = {isa = PBXBuildFile; fileRef = E7719C49132F4B7200AAA23C /* libopencv_imgproc.a */; };
		E7719C5B132F4B7200AAA23C /* libopencv_lapack.a in Frameworks */ = {isa = PBXBuildFile; fileRef = E7719C4A132F4B7200AAA23C /* libopencv_lapack.a */; };
		E7719C5C132F4B7200AAA23C /* libopencv_legacy.a in Frameworks */ = {isa = PBXBuildFile; fileRef = E7719C4B132F4B7200AAA23C /* libopencv_legacy.a */; };
		E7719C5D132F4B7200AAA23C /* libopencv_ml.a in Frameworks */ = {isa = PBXBuildFile; fileRef = E7719C4C132F4B7200AAA23C /* libopencv_ml.a */; };
		E7719C5E132F4B7200AAA23C /* libopencv_objdetect.a in Frameworks */ = {isa = PBXBuildFile; fileRef = E7719C4D132F4B7200AAA23C /* libopencv_objdetect.a */; };
		E7719C5F132F4B7200AAA23C /* libopencv_video.a in Frameworks */ = {isa = PBXBuildFile; fileRef = E7719C4E132F4B7200AAA23C /* libopencv_video.a */; };
		E7719C60132F4B7200AAA23C /* libzlib.a in Frameworks */ = {isa = PBXBuildFile; fileRef = E7719C4F132F4B7200AAA23C /* libzlib.a */; };
		E7719CA6132F503400AAA23C /* QuartzCore.framework in Frameworks */ = {isa = PBXBuildFile; fileRef = E7719CA5132F503400AAA23C /* QuartzCore.framework */; };
		E79879C9132EB86000684637 /* AVFoundation.framework in Frameworks */ = {isa = PBXBuildFile; fileRef = E79879C8132EB86000684637 /* AVFoundation.framework */; };
		E79879DB132EB98500684637 /* CoreVideo.framework in Frameworks */ = {isa = PBXBuildFile; fileRef = E79879DA132EB98500684637 /* CoreVideo.framework */; };
		E79879E1132EB99400684637 /* CoreMedia.framework in Frameworks */ = {isa = PBXBuildFile; fileRef = E79879E0132EB99400684637 /* CoreMedia.framework */; };
		E7E2E2C9132F67DB009BDD4A /* Constants.c in Sources */ = {isa = PBXBuildFile; fileRef = E7E2E2C8132F67DB009BDD4A /* Constants.c */; };
		E7E2E2FA132F6993009BDD4A /* README.txt in Resources */ = {isa = PBXBuildFile; fileRef = E7E2E2F9132F6993009BDD4A /* README.txt */; };
		E7E2E2FE132F6C88009BDD4A /* bmlogo-72.png in Resources */ = {isa = PBXBuildFile; fileRef = E7E2E2FD132F6C88009BDD4A /* bmlogo-72.png */; };
/* End PBXBuildFile section */

/* Begin PBXFileReference section */
		1D30AB110D05D00D00671497 /* Foundation.framework */ = {isa = PBXFileReference; lastKnownFileType = wrapper.framework; name = Foundation.framework; path = System/Library/Frameworks/Foundation.framework; sourceTree = SDKROOT; };
		1D3623240D0F684500981E51 /* CVOCV_IOSAppDelegate.h */ = {isa = PBXFileReference; fileEncoding = 4; lastKnownFileType = sourcecode.c.h; path = CVOCV_IOSAppDelegate.h; sourceTree = "<group>"; };
		1D3623250D0F684500981E51 /* CVOCV_IOSAppDelegate.m */ = {isa = PBXFileReference; fileEncoding = 4; lastKnownFileType = sourcecode.c.objc; path = CVOCV_IOSAppDelegate.m; sourceTree = "<group>"; };
		1D6058910D05DD3D006BFB54 /* CVOCV_IOS.app */ = {isa = PBXFileReference; explicitFileType = wrapper.application; includeInIndex = 0; path = CVOCV_IOS.app; sourceTree = BUILT_PRODUCTS_DIR; };
		1DF5F4DF0D08C38300B7A737 /* UIKit.framework */ = {isa = PBXFileReference; lastKnownFileType = wrapper.framework; name = UIKit.framework; path = System/Library/Frameworks/UIKit.framework; sourceTree = SDKROOT; };
		288765A40DF7441C002DB57D /* CoreGraphics.framework */ = {isa = PBXFileReference; lastKnownFileType = wrapper.framework; name = CoreGraphics.framework; path = System/Library/Frameworks/CoreGraphics.framework; sourceTree = SDKROOT; };
		2899E5210DE3E06400AC0155 /* CVOCV_IOSViewController.xib */ = {isa = PBXFileReference; lastKnownFileType = file.xib; path = CVOCV_IOSViewController.xib; sourceTree = "<group>"; };
		28AD733E0D9D9553002E5188 /* MainWindow.xib */ = {isa = PBXFileReference; lastKnownFileType = file.xib; path = MainWindow.xib; sourceTree = "<group>"; };
		28D7ACF60DDB3853001CB0EB /* CVOCV_IOSViewController.h */ = {isa = PBXFileReference; explicitFileType = sourcecode.c.h; fileEncoding = 4; path = CVOCV_IOSViewController.h; sourceTree = "<group>"; };
		28D7ACF70DDB3853001CB0EB /* CVOCV_IOSViewController.mm */ = {isa = PBXFileReference; fileEncoding = 4; lastKnownFileType = sourcecode.cpp.objcpp; path = CVOCV_IOSViewController.mm; sourceTree = "<group>"; };
		29B97316FDCFA39411CA2CEA /* main.m */ = {isa = PBXFileReference; fileEncoding = 4; lastKnownFileType = sourcecode.c.objc; path = main.m; sourceTree = "<group>"; };
		32CA4F630368D1EE00C91783 /* CVOCV_IOS_Prefix.pch */ = {isa = PBXFileReference; fileEncoding = 4; lastKnownFileType = sourcecode.c.h; path = CVOCV_IOS_Prefix.pch; sourceTree = "<group>"; };
		8D1107310486CEB800E47090 /* CVOCV_IOS-Info.plist */ = {isa = PBXFileReference; fileEncoding = 4; lastKnownFileType = text.plist.xml; path = "CVOCV_IOS-Info.plist"; plistStructureDefinitionIdentifier = "com.apple.xcode.plist.structure-definition.iphone.info-plist"; sourceTree = "<group>"; };
		E7719B79132F3EED00AAA23C /* VideoProcessor.h */ = {isa = PBXFileReference; fileEncoding = 4; lastKnownFileType = sourcecode.c.h; path = VideoProcessor.h; sourceTree = "<group>"; };
		E7719B7A132F3EED00AAA23C /* VideoProcessor.cpp */ = {isa = PBXFileReference; fileEncoding = 4; lastKnownFileType = sourcecode.cpp.cpp; path = VideoProcessor.cpp; sourceTree = "<group>"; };
		E7719C3F132F4B7200AAA23C /* liblibjasper.a */ = {isa = PBXFileReference; lastKnownFileType = archive.ar; name = liblibjasper.a; path = "opencv_ios/lib/debug-iphoneos/liblibjasper.a"; sourceTree = "<group>"; };
		E7719C40132F4B7200AAA23C /* liblibjpeg.a */ = {isa = PBXFileReference; lastKnownFileType = archive.ar; name = liblibjpeg.a; path = "opencv_ios/lib/debug-iphoneos/liblibjpeg.a"; sourceTree = "<group>"; };
		E7719C41132F4B7200AAA23C /* liblibpng.a */ = {isa = PBXFileReference; lastKnownFileType = archive.ar; name = liblibpng.a; path = "opencv_ios/lib/debug-iphoneos/liblibpng.a"; sourceTree = "<group>"; };
		E7719C42132F4B7200AAA23C /* liblibtiff.a */ = {isa = PBXFileReference; lastKnownFileType = archive.ar; name = liblibtiff.a; path = "opencv_ios/lib/debug-iphoneos/liblibtiff.a"; sourceTree = "<group>"; };
		E7719C43132F4B7200AAA23C /* libopencv_calib3d.a */ = {isa = PBXFileReference; lastKnownFileType = archive.ar; name = libopencv_calib3d.a; path = "opencv_ios/lib/debug-iphoneos/libopencv_calib3d.a"; sourceTree = "<group>"; };
		E7719C44132F4B7200AAA23C /* libopencv_contrib.a */ = {isa = PBXFileReference; lastKnownFileType = archive.ar; name = libopencv_contrib.a; path = "opencv_ios/lib/debug-iphoneos/libopencv_contrib.a"; sourceTree = "<group>"; };
		E7719C45132F4B7200AAA23C /* libopencv_core.a */ = {isa = PBXFileReference; lastKnownFileType = archive.ar; name = libopencv_core.a; path = "opencv_ios/lib/debug-iphoneos/libopencv_core.a"; sourceTree = "<group>"; };
		E7719C46132F4B7200AAA23C /* libopencv_features2d.a */ = {isa = PBXFileReference; lastKnownFileType = archive.ar; name = libopencv_features2d.a; path = "opencv_ios/lib/debug-iphoneos/libopencv_features2d.a"; sourceTree = "<group>"; };
		E7719C47132F4B7200AAA23C /* libopencv_flann.a */ = {isa = PBXFileReference; lastKnownFileType = archive.ar; name = libopencv_flann.a; path = "opencv_ios/lib/debug-iphoneos/libopencv_flann.a"; sourceTree = "<group>"; };
		E7719C48132F4B7200AAA23C /* libopencv_haartraining_engine.a */ = {isa = PBXFileReference; lastKnownFileType = archive.ar; name = libopencv_haartraining_engine.a; path = "opencv_ios/lib/debug-iphoneos/libopencv_haartraining_engine.a"; sourceTree = "<group>"; };
		E7719C49132F4B7200AAA23C /* libopencv_imgproc.a */ = {isa = PBXFileReference; lastKnownFileType = archive.ar; name = libopencv_imgproc.a; path = "opencv_ios/lib/debug-iphoneos/libopencv_imgproc.a"; sourceTree = "<group>"; };
		E7719C4A132F4B7200AAA23C /* libopencv_lapack.a */ = {isa = PBXFileReference; lastKnownFileType = archive.ar; name = libopencv_lapack.a; path = "opencv_ios/lib/debug-iphoneos/libopencv_lapack.a"; sourceTree = "<group>"; };
		E7719C4B132F4B7200AAA23C /* libopencv_legacy.a */ = {isa = PBXFileReference; lastKnownFileType = archive.ar; name = libopencv_legacy.a; path = "opencv_ios/lib/debug-iphoneos/libopencv_legacy.a"; sourceTree = "<group>"; };
		E7719C4C132F4B7200AAA23C /* libopencv_ml.a */ = {isa = PBXFileReference; lastKnownFileType = archive.ar; name = libopencv_ml.a; path = "opencv_ios/lib/debug-iphoneos/libopencv_ml.a"; sourceTree = "<group>"; };
		E7719C4D132F4B7200AAA23C /* libopencv_objdetect.a */ = {isa = PBXFileReference; lastKnownFileType = archive.ar; name = libopencv_objdetect.a; path = "opencv_ios/lib/debug-iphoneos/libopencv_objdetect.a"; sourceTree = "<group>"; };
		E7719C4E132F4B7200AAA23C /* libopencv_video.a */ = {isa = PBXFileReference; lastKnownFileType = archive.ar; name = libopencv_video.a; path = "opencv_ios/lib/debug-iphoneos/libopencv_video.a"; sourceTree = "<group>"; };
		E7719C4F132F4B7200AAA23C /* libzlib.a */ = {isa = PBXFileReference; lastKnownFileType = archive.ar; name = libzlib.a; path = "opencv_ios/lib/debug-iphoneos/libzlib.a"; sourceTree = "<group>"; };
		E7719CA5132F503400AAA23C /* QuartzCore.framework */ = {isa = PBXFileReference; lastKnownFileType = wrapper.framework; name = QuartzCore.framework; path = System/Library/Frameworks/QuartzCore.framework; sourceTree = SDKROOT; };
		E79879C8132EB86000684637 /* AVFoundation.framework */ = {isa = PBXFileReference; lastKnownFileType = wrapper.framework; name = AVFoundation.framework; path = System/Library/Frameworks/AVFoundation.framework; sourceTree = SDKROOT; };
		E79879DA132EB98500684637 /* CoreVideo.framework */ = {isa = PBXFileReference; lastKnownFileType = wrapper.framework; name = CoreVideo.framework; path = System/Library/Frameworks/CoreVideo.framework; sourceTree = SDKROOT; };
		E79879E0132EB99400684637 /* CoreMedia.framework */ = {isa = PBXFileReference; lastKnownFileType = wrapper.framework; name = CoreMedia.framework; path = System/Library/Frameworks/CoreMedia.framework; sourceTree = SDKROOT; };
		E7E2E2B0132F64B3009BDD4A /* Constants.h */ = {isa = PBXFileReference; fileEncoding = 4; lastKnownFileType = sourcecode.c.h; path = Constants.h; sourceTree = "<group>"; };
		E7E2E2C8132F67DB009BDD4A /* Constants.c */ = {isa = PBXFileReference; fileEncoding = 4; lastKnownFileType = sourcecode.c.c; path = Constants.c; sourceTree = "<group>"; };
		E7E2E2F9132F6993009BDD4A /* README.txt */ = {isa = PBXFileReference; fileEncoding = 4; lastKnownFileType = text; path = README.txt; sourceTree = "<group>"; };
		E7E2E2FD132F6C88009BDD4A /* bmlogo-72.png */ = {isa = PBXFileReference; lastKnownFileType = image.png; path = "bmlogo-72.png"; sourceTree = "<group>"; };
/* End PBXFileReference section */

/* Begin PBXFrameworksBuildPhase section */
		1D60588F0D05DD3D006BFB54 /* Frameworks */ = {
			isa = PBXFrameworksBuildPhase;
			buildActionMask = 2147483647;
			files = (
				1D60589F0D05DD5A006BFB54 /* Foundation.framework in Frameworks */,
				1DF5F4E00D08C38300B7A737 /* UIKit.framework in Frameworks */,
				288765A50DF7441C002DB57D /* CoreGraphics.framework in Frameworks */,
				E79879C9132EB86000684637 /* AVFoundation.framework in Frameworks */,
				E79879DB132EB98500684637 /* CoreVideo.framework in Frameworks */,
				E79879E1132EB99400684637 /* CoreMedia.framework in Frameworks */,
				E7719C50132F4B7200AAA23C /* liblibjasper.a in Frameworks */,
				E7719C51132F4B7200AAA23C /* liblibjpeg.a in Frameworks */,
				E7719C52132F4B7200AAA23C /* liblibpng.a in Frameworks */,
				E7719C53132F4B7200AAA23C /* liblibtiff.a in Frameworks */,
				E7719C54132F4B7200AAA23C /* libopencv_calib3d.a in Frameworks */,
				E7719C55132F4B7200AAA23C /* libopencv_contrib.a in Frameworks */,
				E7719C56132F4B7200AAA23C /* libopencv_core.a in Frameworks */,
				E7719C57132F4B7200AAA23C /* libopencv_features2d.a in Frameworks */,
				E7719C58132F4B7200AAA23C /* libopencv_flann.a in Frameworks */,
				E7719C59132F4B7200AAA23C /* libopencv_haartraining_engine.a in Frameworks */,
				E7719C5A132F4B7200AAA23C /* libopencv_imgproc.a in Frameworks */,
				E7719C5B132F4B7200AAA23C /* libopencv_lapack.a in Frameworks */,
				E7719C5C132F4B7200AAA23C /* libopencv_legacy.a in Frameworks */,
				E7719C5D132F4B7200AAA23C /* libopencv_ml.a in Frameworks */,
				E7719C5E132F4B7200AAA23C /* libopencv_objdetect.a in Frameworks */,
				E7719C5F132F4B7200AAA23C /* libopencv_video.a in Frameworks */,
				E7719C60132F4B7200AAA23C /* libzlib.a in Frameworks */,
				E7719CA6132F503400AAA23C /* QuartzCore.framework in Frameworks */,
			);
			runOnlyForDeploymentPostprocessing = 0;
		};
/* End PBXFrameworksBuildPhase section */

/* Begin PBXGroup section */
		080E96DDFE201D6D7F000001 /* Classes */ = {
			isa = PBXGroup;
			children = (
				1D3623240D0F684500981E51 /* CVOCV_IOSAppDelegate.h */,
				1D3623250D0F684500981E51 /* CVOCV_IOSAppDelegate.m */,
				28D7ACF60DDB3853001CB0EB /* CVOCV_IOSViewController.h */,
				28D7ACF70DDB3853001CB0EB /* CVOCV_IOSViewController.mm */,
				E7719B79132F3EED00AAA23C /* VideoProcessor.h */,
				E7719B7A132F3EED00AAA23C /* VideoProcessor.cpp */,
				E7E2E2B0132F64B3009BDD4A /* Constants.h */,
				E7E2E2C8132F67DB009BDD4A /* Constants.c */,
			);
			path = Classes;
			sourceTree = "<group>";
		};
		19C28FACFE9D520D11CA2CBB /* Products */ = {
			isa = PBXGroup;
			children = (
				1D6058910D05DD3D006BFB54 /* CVOCV_IOS.app */,
			);
			name = Products;
			sourceTree = "<group>";
		};
		29B97314FDCFA39411CA2CEA /* CustomTemplate */ = {
			isa = PBXGroup;
			children = (
				080E96DDFE201D6D7F000001 /* Classes */,
				29B97315FDCFA39411CA2CEA /* Other Sources */,
				29B97317FDCFA39411CA2CEA /* Resources */,
				29B97323FDCFA39411CA2CEA /* Frameworks */,
				19C28FACFE9D520D11CA2CBB /* Products */,
			);
			name = CustomTemplate;
			sourceTree = "<group>";
		};
		29B97315FDCFA39411CA2CEA /* Other Sources */ = {
			isa = PBXGroup;
			children = (
				32CA4F630368D1EE00C91783 /* CVOCV_IOS_Prefix.pch */,
				29B97316FDCFA39411CA2CEA /* main.m */,
				E7E2E2F9132F6993009BDD4A /* README.txt */,
			);
			name = "Other Sources";
			sourceTree = "<group>";
		};
		29B97317FDCFA39411CA2CEA /* Resources */ = {
			isa = PBXGroup;
			children = (
				E7E2E2FD132F6C88009BDD4A /* bmlogo-72.png */,
				2899E5210DE3E06400AC0155 /* CVOCV_IOSViewController.xib */,
				28AD733E0D9D9553002E5188 /* MainWindow.xib */,
				8D1107310486CEB800E47090 /* CVOCV_IOS-Info.plist */,
			);
			name = Resources;
			sourceTree = "<group>";
		};
		29B97323FDCFA39411CA2CEA /* Frameworks */ = {
			isa = PBXGroup;
			children = (
				E7719C3F132F4B7200AAA23C /* liblibjasper.a */,
				E7719C40132F4B7200AAA23C /* liblibjpeg.a */,
				E7719C41132F4B7200AAA23C /* liblibpng.a */,
				E7719C42132F4B7200AAA23C /* liblibtiff.a */,
				E7719C43132F4B7200AAA23C /* libopencv_calib3d.a */,
				E7719C44132F4B7200AAA23C /* libopencv_contrib.a */,
				E7719C45132F4B7200AAA23C /* libopencv_core.a */,
				E7719C46132F4B7200AAA23C /* libopencv_features2d.a */,
				E7719C47132F4B7200AAA23C /* libopencv_flann.a */,
				E7719C48132F4B7200AAA23C /* libopencv_haartraining_engine.a */,
				E7719C49132F4B7200AAA23C /* libopencv_imgproc.a */,
				E7719C4A132F4B7200AAA23C /* libopencv_lapack.a */,
				E7719C4B132F4B7200AAA23C /* libopencv_legacy.a */,
				E7719C4C132F4B7200AAA23C /* libopencv_ml.a */,
				E7719C4D132F4B7200AAA23C /* libopencv_objdetect.a */,
				E7719C4E132F4B7200AAA23C /* libopencv_video.a */,
				E7719C4F132F4B7200AAA23C /* libzlib.a */,
				1DF5F4DF0D08C38300B7A737 /* UIKit.framework */,
				1D30AB110D05D00D00671497 /* Foundation.framework */,
				288765A40DF7441C002DB57D /* CoreGraphics.framework */,
				E79879C8132EB86000684637 /* AVFoundation.framework */,
				E79879DA132EB98500684637 /* CoreVideo.framework */,
				E79879E0132EB99400684637 /* CoreMedia.framework */,
				E7719CA5132F503400AAA23C /* QuartzCore.framework */,
			);
			name = Frameworks;
			sourceTree = "<group>";
		};
/* End PBXGroup section */

/* Begin PBXNativeTarget section */
		1D6058900D05DD3D006BFB54 /* CVOCV_IOS */ = {
			isa = PBXNativeTarget;
			buildConfigurationList = 1D6058960D05DD3E006BFB54 /* Build configuration list for PBXNativeTarget "CVOCV_IOS" */;
			buildPhases = (
				1D60588D0D05DD3D006BFB54 /* Resources */,
				1D60588E0D05DD3D006BFB54 /* Sources */,
				1D60588F0D05DD3D006BFB54 /* Frameworks */,
			);
			buildRules = (
			);
			dependencies = (
			);
			name = CVOCV_IOS;
			productName = CVOCV_IOS;
			productReference = 1D6058910D05DD3D006BFB54 /* CVOCV_IOS.app */;
			productType = "com.apple.product-type.application";
		};
/* End PBXNativeTarget section */

/* Begin PBXProject section */
		29B97313FDCFA39411CA2CEA /* Project object */ = {
			isa = PBXProject;
			buildConfigurationList = C01FCF4E08A954540054247B /* Build configuration list for PBXProject "CVOCV_IOS" */;
			compatibilityVersion = "Xcode 3.1";
			developmentRegion = English;
			hasScannedForEncodings = 1;
			knownRegions = (
				English,
				Japanese,
				French,
				German,
			);
			mainGroup = 29B97314FDCFA39411CA2CEA /* CustomTemplate */;
			projectDirPath = "";
			projectRoot = "";
			targets = (
				1D6058900D05DD3D006BFB54 /* CVOCV_IOS */,
			);
		};
/* End PBXProject section */

/* Begin PBXResourcesBuildPhase section */
		1D60588D0D05DD3D006BFB54 /* Resources */ = {
			isa = PBXResourcesBuildPhase;
			buildActionMask = 2147483647;
			files = (
				28AD733F0D9D9553002E5188 /* MainWindow.xib in Resources */,
				2899E5220DE3E06400AC0155 /* CVOCV_IOSViewController.xib in Resources */,
				E7E2E2FA132F6993009BDD4A /* README.txt in Resources */,
				E7E2E2FE132F6C88009BDD4A /* bmlogo-72.png in Resources */,
			);
			runOnlyForDeploymentPostprocessing = 0;
		};
/* End PBXResourcesBuildPhase section */

/* Begin PBXSourcesBuildPhase section */
		1D60588E0D05DD3D006BFB54 /* Sources */ = {
			isa = PBXSourcesBuildPhase;
			buildActionMask = 2147483647;
			files = (
				1D60589B0D05DD56006BFB54 /* main.m in Sources */,
				1D3623260D0F684500981E51 /* CVOCV_IOSAppDelegate.m in Sources */,
				28D7ACF80DDB3853001CB0EB /* CVOCV_IOSViewController.mm in Sources */,
				E7719B7B132F3EED00AAA23C /* VideoProcessor.cpp in Sources */,
				E7E2E2C9132F67DB009BDD4A /* Constants.c in Sources */,
			);
			runOnlyForDeploymentPostprocessing = 0;
		};
/* End PBXSourcesBuildPhase section */

/* Begin XCBuildConfiguration section */
		1D6058940D05DD3E006BFB54 /* Debug */ = {
			isa = XCBuildConfiguration;
			buildSettings = {
				ALWAYS_SEARCH_USER_PATHS = NO;
				COPY_PHASE_STRIP = NO;
				GCC_DYNAMIC_NO_PIC = NO;
				GCC_OPTIMIZATION_LEVEL = 0;
				GCC_PRECOMPILE_PREFIX_HEADER = YES;
				GCC_PREFIX_HEADER = CVOCV_IOS_Prefix.pch;
				INFOPLIST_FILE = "CVOCV_IOS-Info.plist";
				LIBRARY_SEARCH_PATHS = (
					"$(inherited)",
					"\"$(SRCROOT)/opencv_ios/lib/debug-iphoneos\"",
				);
				PRODUCT_NAME = CVOCV_IOS;
			};
			name = Debug;
		};
		1D6058950D05DD3E006BFB54 /* Release */ = {
			isa = XCBuildConfiguration;
			buildSettings = {
				ALWAYS_SEARCH_USER_PATHS = NO;
				COPY_PHASE_STRIP = YES;
				GCC_PRECOMPILE_PREFIX_HEADER = YES;
				GCC_PREFIX_HEADER = CVOCV_IOS_Prefix.pch;
				INFOPLIST_FILE = "CVOCV_IOS-Info.plist";
				LIBRARY_SEARCH_PATHS = (
					"$(inherited)",
					"\"$(SRCROOT)/opencv_ios/lib/debug-iphoneos\"",
				);
				PRODUCT_NAME = CVOCV_IOS;
				VALIDATE_PRODUCT = YES;
			};
			name = Release;
		};
		C01FCF4F08A954540054247B /* Debug */ = {
			isa = XCBuildConfiguration;
			buildSettings = {
				ARCHS = "$(ARCHS_UNIVERSAL_IPHONE_OS)";
				"CODE_SIGN_IDENTITY[sdk=iphoneos*]" = "iPhone Developer: kyle buza (BFM283KJCP)";
				GCC_C_LANGUAGE_STANDARD = c99;
				GCC_VERSION = com.apple.compilers.llvm.clang.1_0;
				GCC_WARN_ABOUT_RETURN_TYPE = YES;
				GCC_WARN_UNUSED_VARIABLE = YES;
				HEADER_SEARCH_PATHS = opencv_ios/include;
				LIBRARY_SEARCH_PATHS = "opencv_ios/lib/debug-iphoneos";
				OTHER_LDFLAGS = (
					"-lopencv_core",
					"-lopencv_flann",
					"-lopencv_legacy",
					"-lopencv_lapack",
					"-lopencv_contrib",
				);
				PREBINDING = NO;
				"PROVISIONING_PROFILE[sdk=iphoneos*]" = "99195B4C-AA95-4F63-B174-653B0DE84122";
				SDKROOT = iphoneos;
				TARGETED_DEVICE_FAMILY = 2;
			};
			name = Debug;
		};
		C01FCF5008A954540054247B /* Release */ = {
			isa = XCBuildConfiguration;
			buildSettings = {
				ARCHS = "$(ARCHS_UNIVERSAL_IPHONE_OS)";
				"CODE_SIGN_IDENTITY[sdk=iphoneos*]" = "iPhone Developer: kyle buza (BFM283KJCP)";
				GCC_C_LANGUAGE_STANDARD = c99;
				GCC_VERSION = com.apple.compilers.llvmgcc42;
				GCC_WARN_ABOUT_RETURN_TYPE = YES;
				GCC_WARN_UNUSED_VARIABLE = YES;
				HEADER_SEARCH_PATHS = opencv_ios/include;
				LIBRARY_SEARCH_PATHS = "opencv_ios/lib/release-iphoneos";
				OTHER_CFLAGS = "-DNS_BLOCK_ASSERTIONS=1";
				OTHER_LDFLAGS = (
					"-lopencv_core",
					"-lopencv_flann",
					"-lopencv_legacy",
					"-lopencv_lapack",
					"-lopencv_contrib",
				);
				PREBINDING = NO;
				"PROVISIONING_PROFILE[sdk=iphoneos*]" = "99195B4C-AA95-4F63-B174-653B0DE84122";
				SDKROOT = iphoneos;
				TARGETED_DEVICE_FAMILY = 2;
			};
			name = Release;
		};
/* End XCBuildConfiguration section */

/* Begin XCConfigurationList section */
		1D6058960D05DD3E006BFB54 /* Build configuration list for PBXNativeTarget "CVOCV_IOS" */ = {
			isa = XCConfigurationList;
			buildConfigurations = (
				1D6058940D05DD3E006BFB54 /* Debug */,
				1D6058950D05DD3E006BFB54 /* Release */,
			);
			defaultConfigurationIsVisible = 0;
			defaultConfigurationName = Release;
		};
		C01FCF4E08A954540054247B /* Build configuration list for PBXProject "CVOCV_IOS" */ = {
			isa = XCConfigurationList;
			buildConfigurations = (
				C01FCF4F08A954540054247B /* Debug */,
				C01FCF5008A954540054247B /* Release */,
			);
			defaultConfigurationIsVisible = 0;
			defaultConfigurationName = Release;
		};
/* End XCConfigurationList section */
	};
	rootObject = 29B97313FDCFA39411CA2CEA /* Project object */;
}
